
Microsoft Visual Studio Solution File, Format Version 12.00
# Visual Studio Version 16
VisualStudioVersion = 16.0.30002.166
MinimumVisualStudioVersion = 10.0.40219.1
Project("{FAE04EC0-301F-11D3-BF4B-00C04F79EFBC}") = "Maze", "Maze.csproj", "{36472FD8-6D1D-4519-AAEC-74312D354647}"
EndProject
Global
	GlobalSection(SolutionConfigurationPlatforms) = preSolution
		Debug|Any CPU = Debug|Any CPU
		Release|Any CPU = Release|Any CPU
	EndGlobalSection
	GlobalSection(ProjectConfigurationPlatforms) = postSolution
		{36472FD8-6D1D-4519-AAEC-74312D354647}.Debug|Any CPU.ActiveCfg = Debug|Any CPU
		{36472FD8-6D1D-4519-AAEC-74312D354647}.Debug|Any CPU.Build.0 = Debug|Any CPU
		{36472FD8-6D1D-4519-AAEC-74312D354647}.Release|Any CPU.ActiveCfg = Release|Any CPU
		{36472FD8-6D1D-4519-AAEC-74312D354647}.Release|Any CPU.Build.0 = Release|Any CPU
	EndGlobalSection
	GlobalSection(SolutionProperties) = preSolution
		HideSolutionNode = FALSE
	EndGlobalSection
	GlobalSection(ExtensibilityGlobals) = postSolution
		SolutionGuid = {2F565784-35E1-4EDA-AD76-9BA5C6DA2CAE}
	EndGlobalSection
EndGlobal
